// !$*UTF8*$!
{
	archiveVersion = 1;
	classes = {
	};
	objectVersion = 46;
	objects = {

/* Begin PBXBuildFile section */
		2956E0471C9BAAD50041DFA4 /* AppDelegate.swift in Sources */ = {isa = PBXBuildFile; fileRef = 2956E0461C9BAAD50041DFA4 /* AppDelegate.swift */; };
		2956E0491C9BAAD50041DFA4 /* Assets.xcassets in Resources */ = {isa = PBXBuildFile; fileRef = 2956E0481C9BAAD50041DFA4 /* Assets.xcassets */; };
		2956E04C1C9BAAD50041DFA4 /* MainMenu.xib in Resources */ = {isa = PBXBuildFile; fileRef = 2956E04A1C9BAAD50041DFA4 /* MainMenu.xib */; };
		2956E0571C9BAAD50041DFA4 /* NSByteCountFormatterTests.swift in Sources */ = {isa = PBXBuildFile; fileRef = 2956E0561C9BAAD50041DFA4 /* NSByteCountFormatterTests.swift */; };
/* End PBXBuildFile section */

/* Begin PBXContainerItemProxy section */
		2956E0531C9BAAD50041DFA4 /* PBXContainerItemProxy */ = {
			isa = PBXContainerItemProxy;
			containerPortal = 2956E03B1C9BAAD50041DFA4 /* Project object */;
			proxyType = 1;
			remoteGlobalIDString = 2956E0421C9BAAD50041DFA4;
			remoteInfo = FoundationTestCases;
		};
/* End PBXContainerItemProxy section */

/* Begin PBXFileReference section */
		2956E0431C9BAAD50041DFA4 /* FoundationTestCases.app */ = {isa = PBXFileReference; explicitFileType = wrapper.application; includeInIndex = 0; path = FoundationTestCases.app; sourceTree = BUILT_PRODUCTS_DIR; };
		2956E0461C9BAAD50041DFA4 /* AppDelegate.swift */ = {isa = PBXFileReference; lastKnownFileType = sourcecode.swift; path = AppDelegate.swift; sourceTree = "<group>"; };
		2956E0481C9BAAD50041DFA4 /* Assets.xcassets */ = {isa = PBXFileReference; lastKnownFileType = folder.assetcatalog; path = Assets.xcassets; sourceTree = "<group>"; };
		2956E04B1C9BAAD50041DFA4 /* Base */ = {isa = PBXFileReference; lastKnownFileType = file.xib; name = Base; path = Base.lproj/MainMenu.xib; sourceTree = "<group>"; };
		2956E04D1C9BAAD50041DFA4 /* Info.plist */ = {isa = PBXFileReference; lastKnownFileType = text.plist.xml; path = Info.plist; sourceTree = "<group>"; };
		2956E0521C9BAAD50041DFA4 /* FoundationTestCasesTests.xctest */ = {isa = PBXFileReference; explicitFileType = wrapper.cfbundle; includeInIndex = 0; path = FoundationTestCasesTests.xctest; sourceTree = BUILT_PRODUCTS_DIR; };
		2956E0561C9BAAD50041DFA4 /* NSByteCountFormatterTests.swift */ = {isa = PBXFileReference; lastKnownFileType = sourcecode.swift; path = NSByteCountFormatterTests.swift; sourceTree = "<group>"; };
		2956E0581C9BAAD50041DFA4 /* Info.plist */ = {isa = PBXFileReference; lastKnownFileType = text.plist.xml; path = Info.plist; sourceTree = "<group>"; };
/* End PBXFileReference section */

/* Begin PBXFrameworksBuildPhase section */
		2956E0401C9BAAD50041DFA4 /* Frameworks */ = {
			isa = PBXFrameworksBuildPhase;
			buildActionMask = 2147483647;
			files = (
			);
			runOnlyForDeploymentPostprocessing = 0;
		};
		2956E04F1C9BAAD50041DFA4 /* Frameworks */ = {
			isa = PBXFrameworksBuildPhase;
			buildActionMask = 2147483647;
			files = (
			);
			runOnlyForDeploymentPostprocessing = 0;
		};
/* End PBXFrameworksBuildPhase section */

/* Begin PBXGroup section */
		2956E03A1C9BAAD50041DFA4 = {
			isa = PBXGroup;
			children = (
				2956E0451C9BAAD50041DFA4 /* FoundationTestCases */,
				2956E0551C9BAAD50041DFA4 /* FoundationTestCasesTests */,
				2956E0441C9BAAD50041DFA4 /* Products */,
			);
			sourceTree = "<group>";
		};
		2956E0441C9BAAD50041DFA4 /* Products */ = {
			isa = PBXGroup;
			children = (
				2956E0431C9BAAD50041DFA4 /* FoundationTestCases.app */,
				2956E0521C9BAAD50041DFA4 /* FoundationTestCasesTests.xctest */,
			);
			name = Products;
			sourceTree = "<group>";
		};
		2956E0451C9BAAD50041DFA4 /* FoundationTestCases */ = {
			isa = PBXGroup;
			children = (
				2956E0461C9BAAD50041DFA4 /* AppDelegate.swift */,
				2956E0481C9BAAD50041DFA4 /* Assets.xcassets */,
				2956E04A1C9BAAD50041DFA4 /* MainMenu.xib */,
				2956E04D1C9BAAD50041DFA4 /* Info.plist */,
			);
			path = FoundationTestCases;
			sourceTree = "<group>";
		};
		2956E0551C9BAAD50041DFA4 /* FoundationTestCasesTests */ = {
			isa = PBXGroup;
			children = (
				2956E0561C9BAAD50041DFA4 /* NSByteCountFormatterTests.swift */,
				2956E0581C9BAAD50041DFA4 /* Info.plist */,
			);
			path = FoundationTestCasesTests;
			sourceTree = "<group>";
		};
/* End PBXGroup section */

/* Begin PBXNativeTarget section */
		2956E0421C9BAAD50041DFA4 /* FoundationTestCases */ = {
			isa = PBXNativeTarget;
			buildConfigurationList = 2956E05B1C9BAAD50041DFA4 /* Build configuration list for PBXNativeTarget "FoundationTestCases" */;
			buildPhases = (
				2956E03F1C9BAAD50041DFA4 /* Sources */,
				2956E0401C9BAAD50041DFA4 /* Frameworks */,
				2956E0411C9BAAD50041DFA4 /* Resources */,
			);
			buildRules = (
			);
			dependencies = (
			);
			name = FoundationTestCases;
			productName = FoundationTestCases;
			productReference = 2956E0431C9BAAD50041DFA4 /* FoundationTestCases.app */;
			productType = "com.apple.product-type.application";
		};
		2956E0511C9BAAD50041DFA4 /* FoundationTestCasesTests */ = {
			isa = PBXNativeTarget;
			buildConfigurationList = 2956E05E1C9BAAD50041DFA4 /* Build configuration list for PBXNativeTarget "FoundationTestCasesTests" */;
			buildPhases = (
				2956E04E1C9BAAD50041DFA4 /* Sources */,
				2956E04F1C9BAAD50041DFA4 /* Frameworks */,
				2956E0501C9BAAD50041DFA4 /* Resources */,
			);
			buildRules = (
			);
			dependencies = (
				2956E0541C9BAAD50041DFA4 /* PBXTargetDependency */,
			);
			name = FoundationTestCasesTests;
			productName = FoundationTestCasesTests;
			productReference = 2956E0521C9BAAD50041DFA4 /* FoundationTestCasesTests.xctest */;
			productType = "com.apple.product-type.bundle.unit-test";
		};
/* End PBXNativeTarget section */

/* Begin PBXProject section */
		2956E03B1C9BAAD50041DFA4 /* Project object */ = {
			isa = PBXProject;
			attributes = {
				LastSwiftUpdateCheck = 0730;
				LastUpgradeCheck = 0730;
				ORGANIZATIONNAME = EF;
				TargetAttributes = {
					2956E0421C9BAAD50041DFA4 = {
						CreatedOnToolsVersion = 7.3;
					};
					2956E0511C9BAAD50041DFA4 = {
						CreatedOnToolsVersion = 7.3;
						TestTargetID = 2956E0421C9BAAD50041DFA4;
					};
				};
			};
			buildConfigurationList = 2956E03E1C9BAAD50041DFA4 /* Build configuration list for PBXProject "FoundationTestCases" */;
			compatibilityVersion = "Xcode 3.2";
			developmentRegion = English;
			hasScannedForEncodings = 0;
			knownRegions = (
				en,
				Base,
			);
			mainGroup = 2956E03A1C9BAAD50041DFA4;
			productRefGroup = 2956E0441C9BAAD50041DFA4 /* Products */;
			projectDirPath = "";
			projectRoot = "";
			targets = (
				2956E0421C9BAAD50041DFA4 /* FoundationTestCases */,
				2956E0511C9BAAD50041DFA4 /* FoundationTestCasesTests */,
			);
		};
/* End PBXProject section */

/* Begin PBXResourcesBuildPhase section */
		2956E0411C9BAAD50041DFA4 /* Resources */ = {
			isa = PBXResourcesBuildPhase;
			buildActionMask = 2147483647;
			files = (
				2956E0491C9BAAD50041DFA4 /* Assets.xcassets in Resources */,
				2956E04C1C9BAAD50041DFA4 /* MainMenu.xib in Resources */,
			);
			runOnlyForDeploymentPostprocessing = 0;
		};
		2956E0501C9BAAD50041DFA4 /* Resources */ = {
			isa = PBXResourcesBuildPhase;
			buildActionMask = 2147483647;
			files = (
			);
			runOnlyForDeploymentPostprocessing = 0;
		};
/* End PBXResourcesBuildPhase section */

/* Begin PBXSourcesBuildPhase section */
		2956E03F1C9BAAD50041DFA4 /* Sources */ = {
			isa = PBXSourcesBuildPhase;
			buildActionMask = 2147483647;
			files = (
				2956E0471C9BAAD50041DFA4 /* AppDelegate.swift in Sources */,
			);
			runOnlyForDeploymentPostprocessing = 0;
		};
		2956E04E1C9BAAD50041DFA4 /* Sources */ = {
			isa = PBXSourcesBuildPhase;
			buildActionMask = 2147483647;
			files = (
				2956E0571C9BAAD50041DFA4 /* NSByteCountFormatterTests.swift in Sources */,
			);
			runOnlyForDeploymentPostprocessing = 0;
		};
/* End PBXSourcesBuildPhase section */

/* Begin PBXTargetDependency section */
		2956E0541C9BAAD50041DFA4 /* PBXTargetDependency */ = {
			isa = PBXTargetDependency;
			target = 2956E0421C9BAAD50041DFA4 /* FoundationTestCases */;
			targetProxy = 2956E0531C9BAAD50041DFA4 /* PBXContainerItemProxy */;
		};
/* End PBXTargetDependency section */

/* Begin PBXVariantGroup section */
		2956E04A1C9BAAD50041DFA4 /* MainMenu.xib */ = {
			isa = PBXVariantGroup;
			children = (
				2956E04B1C9BAAD50041DFA4 /* Base */,
			);
			name = MainMenu.xib;
			sourceTree = "<group>";
		};
/* End PBXVariantGroup section */

/* Begin XCBuildConfiguration section */
		2956E0591C9BAAD50041DFA4 /* Debug */ = {
			isa = XCBuildConfiguration;
			buildSettings = {
				ALWAYS_SEARCH_USER_PATHS = NO;
				CLANG_ANALYZER_NONNULL = YES;
				CLANG_CXX_LANGUAGE_STANDARD = "gnu++0x";
				CLANG_CXX_LIBRARY = "libc++";
				CLANG_ENABLE_MODULES = YES;
				CLANG_ENABLE_OBJC_ARC = YES;
				CLANG_WARN_BOOL_CONVERSION = YES;
				CLANG_WARN_CONSTANT_CONVERSION = YES;
				CLANG_WARN_DIRECT_OBJC_ISA_USAGE = YES_ERROR;
				CLANG_WARN_EMPTY_BODY = YES;
				CLANG_WARN_ENUM_CONVERSION = YES;
				CLANG_WARN_INT_CONVERSION = YES;
				CLANG_WARN_OBJC_ROOT_CLASS = YES_ERROR;
				CLANG_WARN_UNREACHABLE_CODE = YES;
				CLANG_WARN__DUPLICATE_METHOD_MATCH = YES;
				CODE_SIGN_IDENTITY = "-";
				COPY_PHASE_STRIP = NO;
				DEBUG_INFORMATION_FORMAT = dwarf;
				ENABLE_STRICT_OBJC_MSGSEND = YES;
				ENABLE_TESTABILITY = YES;
				GCC_C_LANGUAGE_STANDARD = gnu99;
				GCC_DYNAMIC_NO_PIC = NO;
				GCC_NO_COMMON_BLOCKS = YES;
				GCC_OPTIMIZATION_LEVEL = 0;
				GCC_PREPROCESSOR_DEFINITIONS = (
					"DEBUG=1",
					"$(inherited)",
				);
				GCC_WARN_64_TO_32_BIT_CONVERSION = YES;
				GCC_WARN_ABOUT_RETURN_TYPE = YES_ERROR;
				GCC_WARN_UNDECLARED_SELECTOR = YES;
				GCC_WARN_UNINITIALIZED_AUTOS = YES_AGGRESSIVE;
				GCC_WARN_UNUSED_FUNCTION = YES;
				GCC_WARN_UNUSED_VARIABLE = YES;
				MACOSX_DEPLOYMENT_TARGET = 10.11;
				MTL_ENABLE_DEBUG_INFO = YES;
				ONLY_ACTIVE_ARCH = YES;
				SDKROOT = macosx;
				SWIFT_OPTIMIZATION_LEVEL = "-Onone";
			};
			name = Debug;
		};
		2956E05A1C9BAAD50041DFA4 /* Release */ = {
			isa = XCBuildConfiguration;
			buildSettings = {
				ALWAYS_SEARCH_USER_PATHS = NO;
				CLANG_ANALYZER_NONNULL = YES;
				CLANG_CXX_LANGUAGE_STANDARD = "gnu++0x";
				CLANG_CXX_LIBRARY = "libc++";
				CLANG_ENABLE_MODULES = YES;
				CLANG_ENABLE_OBJC_ARC = YES;
				CLANG_WARN_BOOL_CONVERSION = YES;
				CLANG_WARN_CONSTANT_CONVERSION = YES;
				CLANG_WARN_DIRECT_OBJC_ISA_USAGE = YES_ERROR;
				CLANG_WARN_EMPTY_BODY = YES;
				CLANG_WARN_ENUM_CONVERSION = YES;
				CLANG_WARN_INT_CONVERSION = YES;
				CLANG_WARN_OBJC_ROOT_CLASS = YES_ERROR;
				CLANG_WARN_UNREACHABLE_CODE = YES;
				CLANG_WARN__DUPLICATE_METHOD_MATCH = YES;
				CODE_SIGN_IDENTITY = "-";
				COPY_PHASE_STRIP = NO;
				DEBUG_INFORMATION_FORMAT = "dwarf-with-dsym";
				ENABLE_NS_ASSERTIONS = NO;
				ENABLE_STRICT_OBJC_MSGSEND = YES;
				GCC_C_LANGUAGE_STANDARD = gnu99;
				GCC_NO_COMMON_BLOCKS = YES;
				GCC_WARN_64_TO_32_BIT_CONVERSION = YES;
				GCC_WARN_ABOUT_RETURN_TYPE = YES_ERROR;
				GCC_WARN_UNDECLARED_SELECTOR = YES;
				GCC_WARN_UNINITIALIZED_AUTOS = YES_AGGRESSIVE;
				GCC_WARN_UNUSED_FUNCTION = YES;
				GCC_WARN_UNUSED_VARIABLE = YES;
				MACOSX_DEPLOYMENT_TARGET = 10.11;
				MTL_ENABLE_DEBUG_INFO = NO;
				SDKROOT = macosx;
			};
			name = Release;
		};
		2956E05C1C9BAAD50041DFA4 /* Debug */ = {
			isa = XCBuildConfiguration;
			buildSettings = {
				ASSETCATALOG_COMPILER_APPICON_NAME = AppIcon;
				COMBINE_HIDPI_IMAGES = YES;
				INFOPLIST_FILE = FoundationTestCases/Info.plist;
				LD_RUNPATH_SEARCH_PATHS = "$(inherited) @executable_path/../Frameworks";
				PRODUCT_BUNDLE_IDENTIFIER = com.ef.FoundationTestCases;
				PRODUCT_NAME = "$(TARGET_NAME)";
			};
			name = Debug;
		};
		2956E05D1C9BAAD50041DFA4 /* Release */ = {
			isa = XCBuildConfiguration;
			buildSettings = {
				ASSETCATALOG_COMPILER_APPICON_NAME = AppIcon;
				COMBINE_HIDPI_IMAGES = YES;
				INFOPLIST_FILE = FoundationTestCases/Info.plist;
				LD_RUNPATH_SEARCH_PATHS = "$(inherited) @executable_path/../Frameworks";
				PRODUCT_BUNDLE_IDENTIFIER = com.ef.FoundationTestCases;
				PRODUCT_NAME = "$(TARGET_NAME)";
			};
			name = Release;
		};
		2956E05F1C9BAAD50041DFA4 /* Debug */ = {
			isa = XCBuildConfiguration;
			buildSettings = {
				BUNDLE_LOADER = "$(TEST_HOST)";
				COMBINE_HIDPI_IMAGES = YES;
				INFOPLIST_FILE = FoundationTestCasesTests/Info.plist;
				LD_RUNPATH_SEARCH_PATHS = "$(inherited) @executable_path/../Frameworks @loader_path/../Frameworks";
				PRODUCT_BUNDLE_IDENTIFIER = com.ef.FoundationTestCasesTests;
				PRODUCT_NAME = "$(TARGET_NAME)";
				TEST_HOST = "$(BUILT_PRODUCTS_DIR)/FoundationTestCases.app/Contents/MacOS/FoundationTestCases";
			};
			name = Debug;
		};
		2956E0601C9BAAD50041DFA4 /* Release */ = {
			isa = XCBuildConfiguration;
			buildSettings = {
				BUNDLE_LOADER = "$(TEST_HOST)";
				COMBINE_HIDPI_IMAGES = YES;
				INFOPLIST_FILE = FoundationTestCasesTests/Info.plist;
				LD_RUNPATH_SEARCH_PATHS = "$(inherited) @executable_path/../Frameworks @loader_path/../Frameworks";
				PRODUCT_BUNDLE_IDENTIFIER = com.ef.FoundationTestCasesTests;
				PRODUCT_NAME = "$(TARGET_NAME)";
				TEST_HOST = "$(BUILT_PRODUCTS_DIR)/FoundationTestCases.app/Contents/MacOS/FoundationTestCases";
			};
			name = Release;
		};
/* End XCBuildConfiguration section */

/* Begin XCConfigurationList section */
		2956E03E1C9BAAD50041DFA4 /* Build configuration list for PBXProject "FoundationTestCases" */ = {
			isa = XCConfigurationList;
			buildConfigurations = (
				2956E0591C9BAAD50041DFA4 /* Debug */,
				2956E05A1C9BAAD50041DFA4 /* Release */,
			);
			defaultConfigurationIsVisible = 0;
			defaultConfigurationName = Release;
		};
		2956E05B1C9BAAD50041DFA4 /* Build configuration list for PBXNativeTarget "FoundationTestCases" */ = {
			isa = XCConfigurationList;
			buildConfigurations = (
				2956E05C1C9BAAD50041DFA4 /* Debug */,
				2956E05D1C9BAAD50041DFA4 /* Release */,
			);
			defaultConfigurationIsVisible = 0;
		};
		2956E05E1C9BAAD50041DFA4 /* Build configuration list for PBXNativeTarget "FoundationTestCasesTests" */ = {
			isa = XCConfigurationList;
			buildConfigurations = (
				2956E05F1C9BAAD50041DFA4 /* Debug */,
				2956E0601C9BAAD50041DFA4 /* Release */,
			);
			defaultConfigurationIsVisible = 0;
		};
/* End XCConfigurationList section */
	};
	rootObject = 2956E03B1C9BAAD50041DFA4 /* Project object */;
}
